{
  "version": 2,
  "dependencies": {
    "net9.0": {
      "coverlet.collector": {
        "type": "Direct",
        "requested": "[6.0.2, )",
        "resolved": "6.0.2",
        "contentHash": "bJShQ6uWRTQ100ZeyiMqcFlhP7WJ+bCuabUs885dJiBEzMsJMSFr7BOyeCw4rgvQokteGi5rKQTlkhfQPUXg2A=="
      },
      "Microsoft.AspNetCore.Mvc.Testing": {
        "type": "Direct",
        "requested": "[9.0.17, )",
        "resolved": "9.0.17",
        "contentHash": "PXj8AgfFJ+tJ11tlF4CJ0i1+yneskPlYjqXhYdz20+w15KkxBKwqvBKoaQDXyImEgHOL0YZ+7Ww0Sb/sBq2cQg==",
        "dependencies": {
          "Microsoft.AspNetCore.TestHost": "9.0.17",
          "Microsoft.Extensions.DependencyModel": "9.0.17",
          "Microsoft.Extensions.Hosting": "9.0.17"
        }
      },
      "Microsoft.NET.Test.Sdk": {
        "type": "Direct",
        "requested": "[17.12.0, )",
        "resolved": "17.12.0",
        "contentHash": "kt/PKBZ91rFCWxVIJZSgVLk+YR+4KxTuHf799ho8WNiK5ZQpJNAEZCAWX86vcKrs+DiYjiibpYKdGZP6+/N17w==",
        "dependencies": {
          "Microsoft.CodeCoverage": "17.12.0",
          "Microsoft.TestPlatform.TestHost": "17.12.0"
        }
      },
      "xunit": {
        "type": "Direct",
        "requested": "[2.9.2, )",
        "resolved": "2.9.2",
        "contentHash": "7LhFS2N9Z6Xgg8aE5lY95cneYivRMfRI8v+4PATa4S64D5Z/Plkg0qa8dTRHSiGRgVZ/CL2gEfJDE5AUhOX+2Q==",
        "dependencies": {
          "xunit.analyzers": "1.16.0",
          "xunit.assert": "2.9.2",
          "xunit.core": "[2.9.2]"
        }
      },
      "xunit.runner.visualstudio": {
        "type": "Direct",
        "requested": "[2.8.2, )",
        "resolved": "2.8.2",
        "contentHash": "vm1tbfXhFmjFMUmS4M0J0ASXz3/U5XvXBa6DOQUL3fEz4Vt6YPhv+ESCarx6M6D+9kJkJYZKCNvJMas1+nVfmQ=="
      },
      "FluentValidation": {
        "type": "Transitive",
        "resolved": "12.1.1",
        "contentHash": "EPpkIe1yh1a0OXyC100oOA8WMbZvqUu5plwhvYcb7oSELfyUZzfxV48BLhvs3kKo4NwG7MGLNgy1RJiYtT8Dpw=="
      },
      "Microsoft.AspNetCore.TestHost": {
        "type": "Transitive",
        "resolved": "9.0.17",
        "contentHash": "LgEmlWAfPZi31C5lMVs4at7ojcXTp7nXbSdqYnphIunYmX2S6pMKmBxjRcBK1Mcne4rw8PtOI7Ddk8Hg8nGvIQ=="
      },
      "Microsoft.CodeCoverage": {
        "type": "Transitive",
        "resolved": "17.12.0",
        "contentHash": "4svMznBd5JM21JIG2xZKGNanAHNXplxf/kQDFfLHXQ3OnpJkayRK/TjacFjA+EYmoyuNXHo/sOETEfcYtAzIrA=="
      },
      "Microsoft.EntityFrameworkCore.Abstractions": {
        "type": "Transitive",
        "resolved": "9.0.17",
        "contentHash": "sTFeqfHXyNdAoE/WLQN/3srHgs9rM4QKfiQMwHW63Jl62g05f6wmhsJqqvyRNli7GrUsgUi4exsNe0tH4h2jvw=="
      },
      "Microsoft.EntityFrameworkCore.Analyzers": {
        "type": "Transitive",
        "resolved": "9.0.17",
        "contentHash": "gse+9T6mdDXnY6Cn8jtq/uCUZt8P3iZ5DHxNbVxQPEZa6iNL6tc4VDqqYYhwzpoZp08CYvYWhR26HNxUUvTTBw=="
      },
      "Microsoft.Extensions.ApiDescription.Server": {
        "type": "Transitive",
        "resolved": "9.0.0",
        "contentHash": "1Kzzf7pRey40VaUkHN9/uWxrKVkLu2AQjt+GVeeKLLpiEHAJ1xZRsLSh4ZZYEnyS7Kt2OBOPmsXNdU+wbcOl5w=="
      },
      "Microsoft.Extensions.Caching.Abstractions": {
        "type": "Transitive",
        "resolved": "9.0.17",
        "contentHash": "Qye4QW5qfMtKETNeprziwg0qvPde+9RW8hIdIFn/NGOG+HFCeoa6ZAYDQOAkTqzgrsBCz9HWaJmC0B+F1mFHFA==",
        "dependencies": {
          "Microsoft.Extensions.Primitives": "9.0.17"
        }
      },
      "Microsoft.Extensions.Caching.Memory": {
        "type": "Transitive",
        "resolved": "9.0.17",
        "contentHash": "S+hC0Xj9LTHpQtY8AoT7+lIgK1wEfIFYUO9+Y5FHKrGgpsgukcJ1SgdQuXgv5lnM0R0vupxXK+JTYzVX/PYhoA==",
        "dependencies": {
          "Microsoft.Extensions.Caching.Abstractions": "9.0.17",
          "Microsoft.Extensions.DependencyInjection.Abstractions": "9.0.17",
          "Microsoft.Extensions.Logging.Abstractions": "9.0.17",
          "Microsoft.Extensions.Options": "9.0.17",
          "Microsoft.Extensions.Primitives": "9.0.17"
        }
      },
      "Microsoft.Extensions.Configuration": {
        "type": "Transitive",
        "resolved": "9.0.17",
        "contentHash": "RKKU/0arQsthvHQpj+6gWzkJCUZ3CSnfCz6FI7zvmTX8fwJn6UvoFlO5oSW6l6z+CdO4DQsLGXK8shMVMxvtTA==",
        "dependencies": {
          "Microsoft.Extensions.Configuration.Abstractions": "9.0.17",
          "Microsoft.Extensions.Primitives": "9.0.17"
        }
      },
      "Microsoft.Extensions.Configuration.Binder": {
        "type": "Transitive",
        "resolved": "9.0.17",
        "contentHash": "UnOSrzXlS2u1mlTDLczyxPhwI09U4JseLGlYE2noO/mFQDEmnb+/VzC4DMZ9/TUqQB8XZeQDkaEgf3k3Q+cRGA==",
        "dependencies": {
          "Microsoft.Extensions.Configuration.Abstractions": "9.0.17"
        }
      },
      "Microsoft.Extensions.Configuration.CommandLine": {
        "type": "Transitive",
        "resolved": "9.0.17",
        "contentHash": "DbQhhR9IdIf7hQ2CHu3YuM6y/1QeeSofdTABTadx79fkTcJuYJcd9YuZ3h7Wg6bugB2ARZuN37JvKKd5qP2pRQ==",
        "dependencies": {
          "Microsoft.Extensions.Configuration": "9.0.17",
          "Microsoft.Extensions.Configuration.Abstractions": "9.0.17"
        }
      },
      "Microsoft.Extensions.Configuration.EnvironmentVariables": {
        "type": "Transitive",
        "resolved": "9.0.17",
        "contentHash": "d51CgC+auvCX7uYVG09WfreZjHl5eS5zycf2MGXToBOiAS6GiOwhfARzCSIrsOj+KArSZRww0wlhikEwYeZSWQ==",
        "dependencies": {
          "Microsoft.Extensions.Configuration": "9.0.17",
          "Microsoft.Extensions.Configuration.Abstractions": "9.0.17"
        }
      },
      "Microsoft.Extensions.Configuration.FileExtensions": {
        "type": "Transitive",
        "resolved": "9.0.17",
        "contentHash": "uE144Yd4Ybv+VHVIr3/Eaq9yTV7CBbRZcPl098qLKDOOB+ekccrttsFWKZSmx+/cCWM3MvciPGuSC8K7ug6lsg==",
        "dependencies": {
          "Microsoft.Extensions.Configuration": "9.0.17",
          "Microsoft.Extensions.Configuration.Abstractions": "9.0.17",
          "Microsoft.Extensions.FileProviders.Abstractions": "9.0.17",
          "Microsoft.Extensions.FileProviders.Physical": "9.0.17",
          "Microsoft.Extensions.Primitives": "9.0.17"
        }
      },
      "Microsoft.Extensions.Configuration.Json": {
        "type": "Transitive",
        "resolved": "9.0.17",
        "contentHash": "jaH4nniqXyhhQ3tQov57Pn2X+y3LgaeKAKGR9E04giCOJafp/3emcRi3lHi5XfdWbYP/v46zPKVovRl+Ogq/Kg==",
        "dependencies": {
          "Microsoft.Extensions.Configuration": "9.0.17",
          "Microsoft.Extensions.Configuration.Abstractions": "9.0.17",
          "Microsoft.Extensions.Configuration.FileExtensions": "9.0.17",
          "Microsoft.Extensions.FileProviders.Abstractions": "9.0.17"
        }
      },
      "Microsoft.Extensions.Configuration.UserSecrets": {
        "type": "Transitive",
        "resolved": "9.0.17",
        "contentHash": "WqG3k3gRGZ4xRIfTzQgYYNt0LWa26UQAXyfn2KyNO7tK0Y+6N/Ei+IwtWHtnAqN1oznKGrODoDQoQoc5fsoT/A==",
        "dependencies": {
          "Microsoft.Extensions.Configuration.Abstractions": "9.0.17",
          "Microsoft.Extensions.Configuration.Json": "9.0.17",
          "Microsoft.Extensions.FileProviders.Abstractions": "9.0.17",
          "Microsoft.Extensions.FileProviders.Physical": "9.0.17"
        }
      },
      "Microsoft.Extensions.DependencyInjection": {
        "type": "Transitive",
        "resolved": "9.0.17",
        "contentHash": "rEx48tbgwf2oIYi3g3kj2oUV6gWqrASaYD/lmTu7fOPOdQh4/c/lTCHQpSwndI4fElsrZTXGTLjjmTJ8Qn3a6w==",
        "dependencies": {
          "Microsoft.Extensions.DependencyInjection.Abstractions": "9.0.17"
        }
      },
      "Microsoft.Extensions.DependencyInjection.Abstractions": {
        "type": "Transitive",
        "resolved": "9.0.17",
        "contentHash": "/Oy6N+l6aBqKKnjpBhH2MSzzKV+UbjDELuk/OkwJW0auMqWZm14aK7n+QGjscH7JosoI1ChTWf4utUGEA6m2RA=="
      },
      "Microsoft.Extensions.DependencyModel": {
        "type": "Transitive",
        "resolved": "9.0.17",
        "contentHash": "EQCHEoptJDDDBk7YpFMc9hRZ86TZGNULwinNiY14yHzVqXxfHNREjPD80Eml4HYipVnX3dgeGSwY07PaaBNgKA=="
      },
      "Microsoft.Extensions.Diagnostics": {
        "type": "Transitive",
        "resolved": "9.0.17",
        "contentHash": "smsRjzlGv3mkGprVOtLNk4c2DkJ53FGq7PyPFId553JuVDLjyH9COoBJ3b0s2rbaggbhCFCDDnXfFR9CIkBk4w==",
        "dependencies": {
          "Microsoft.Extensions.Configuration": "9.0.17",
          "Microsoft.Extensions.Diagnostics.Abstractions": "9.0.17",
          "Microsoft.Extensions.Options.ConfigurationExtensions": "9.0.17"
        }
      },
      "Microsoft.Extensions.Diagnostics.Abstractions": {
        "type": "Transitive",
        "resolved": "9.0.17",
        "contentHash": "PhAFaG1usEWtJ8ZLTxNYWwWIMKih3ehsLRM/MGthpMToFIPtTMpPYcL9EnIqVQD5FbmB5Hr91Dvpve0la+kCJw==",
        "dependencies": {
          "Microsoft.Extensions.DependencyInjection.Abstractions": "9.0.17",
          "Microsoft.Extensions.Options": "9.0.17"
        }
      },
      "Microsoft.Extensions.FileProviders.Abstractions": {
        "type": "Transitive",
        "resolved": "9.0.17",
        "contentHash": "uTkT+/Km0tEPOw9kiLTXJwXlEVQZ5IBxRQm2EvIAwebfKqqaVY/ClkgcZ7FyzzwqFkFmhklWet4Ju4yWRy5jPg==",
        "dependencies": {
          "Microsoft.Extensions.Primitives": "9.0.17"
        }
      },
      "Microsoft.Extensions.FileProviders.Physical": {
        "type": "Transitive",
        "resolved": "9.0.17",
        "contentHash": "I8ZYDKpCput7HdOdJzlGp6lLZzEK0SD3kxyZq3844q29uDrhgeKjsMIINAjvVZa0vMni0np22oF0DzR7ASyvQw==",
        "dependencies": {
          "Microsoft.Extensions.FileProviders.Abstractions": "9.0.17",
          "Microsoft.Extensions.FileSystemGlobbing": "9.0.17",
          "Microsoft.Extensions.Primitives": "9.0.17"
        }
      },
      "Microsoft.Extensions.FileSystemGlobbing": {
        "type": "Transitive",
        "resolved": "9.0.17",
        "contentHash": "Q1dWc+ORSFB4c4lSw2wRj/s0OEODTrjXhx/U5XZQiagLy2ewAoXH11XmxFQHQI0GcOLQwRGA7oOD2iIKRQq+dQ=="
      },
      "Microsoft.Extensions.Hosting": {
        "type": "Transitive",
        "resolved": "9.0.17",
        "contentHash": "NuWOghlRTRBQXVrccIg5rzw+I7w3OSqOa5ue3INsOed8xOMgxQMlfBlYQSvmgukEMwIhREdhfUCKJhaJbY+a6g==",
        "dependencies": {
          "Microsoft.Extensions.Configuration": "9.0.17",
          "Microsoft.Extensions.Configuration.Abstractions": "9.0.17",
          "Microsoft.Extensions.Configuration.Binder": "9.0.17",
          "Microsoft.Extensions.Configuration.CommandLine": "9.0.17",
          "Microsoft.Extensions.Configuration.EnvironmentVariables": "9.0.17",
          "Microsoft.Extensions.Configuration.FileExtensions": "9.0.17",
          "Microsoft.Extensions.Configuration.Json": "9.0.17",
          "Microsoft.Extensions.Configuration.UserSecrets": "9.0.17",
          "Microsoft.Extensions.DependencyInjection": "9.0.17",
          "Microsoft.Extensions.DependencyInjection.Abstractions": "9.0.17",
          "Microsoft.Extensions.Diagnostics": "9.0.17",
          "Microsoft.Extensions.FileProviders.Abstractions": "9.0.17",
          "Microsoft.Extensions.FileProviders.Physical": "9.0.17",
          "Microsoft.Extensions.Hosting.Abstractions": "9.0.17",
          "Microsoft.Extensions.Logging": "9.0.17",
          "Microsoft.Extensions.Logging.Abstractions": "9.0.17",
          "Microsoft.Extensions.Logging.Configuration": "9.0.17",
          "Microsoft.Extensions.Logging.Console": "9.0.17",
          "Microsoft.Extensions.Logging.Debug": "9.0.17",
          "Microsoft.Extensions.Logging.EventLog": "9.0.17",
          "Microsoft.Extensions.Logging.EventSource": "9.0.17",
          "Microsoft.Extensions.Options": "9.0.17"
        }
      },
      "Microsoft.Extensions.Hosting.Abstractions": {
        "type": "Transitive",
        "resolved": "9.0.17",
        "contentHash": "OX4esT7X+0vh5zUSTbq0Jnreoquw5CZ29YCevHMH9XhBoy6ddrJDa7Enp+ZG1NB/OHARgO6rVJYnU0V9JY3+hQ==",
        "dependencies": {
          "Microsoft.Extensions.Configuration.Abstractions": "9.0.17",
          "Microsoft.Extensions.DependencyInjection.Abstractions": "9.0.17",
          "Microsoft.Extensions.Diagnostics.Abstractions": "9.0.17",
          "Microsoft.Extensions.FileProviders.Abstractions": "9.0.17",
          "Microsoft.Extensions.Logging.Abstractions": "9.0.17"
        }
      },
      "Microsoft.Extensions.Logging": {
        "type": "Transitive",
        "resolved": "9.0.17",
        "contentHash": "AVSl8TzLNiNA2CbDAdVH3qGIwY3SB3XCw7MebMnFRTF4L/BQTdvcknLTiRlJaJULMKaf3JecYiUjB6LbWAtt+g==",
        "dependencies": {
          "Microsoft.Extensions.DependencyInjection": "9.0.17",
          "Microsoft.Extensions.Logging.Abstractions": "9.0.17",
          "Microsoft.Extensions.Options": "9.0.17"
        }
      },
      "Microsoft.Extensions.Logging.Abstractions": {
        "type": "Transitive",
        "resolved": "9.0.17",
        "contentHash": "b1onT7ZvIrpkQ9swhLqSuj1eKvOtElXig2tk7b3ckBfXUu//Y6P7rzz15qTW0SCyYqanoflPYNQ76kqGutQ3iw==",
        "dependencies": {
          "Microsoft.Extensions.DependencyInjection.Abstractions": "9.0.17"
        }
      },
      "Microsoft.Extensions.Logging.Configuration": {
        "type": "Transitive",
        "resolved": "9.0.17",
        "contentHash": "+0zhh5gqw8CHBh4Lr/peHAa9IdRk+aYdViutD2Ggc2Tk9xC46na19PuvldISWBtBmc19B1IeZRZC9pT2g0e6vA==",
        "dependencies": {
          "Microsoft.Extensions.Configuration": "9.0.17",
          "Microsoft.Extensions.Configuration.Abstractions": "9.0.17",
          "Microsoft.Extensions.Configuration.Binder": "9.0.17",
          "Microsoft.Extensions.DependencyInjection.Abstractions": "9.0.17",
          "Microsoft.Extensions.Logging": "9.0.17",
          "Microsoft.Extensions.Logging.Abstractions": "9.0.17",
          "Microsoft.Extensions.Options": "9.0.17",
          "Microsoft.Extensions.Options.ConfigurationExtensions": "9.0.17"
        }
      },
      "Microsoft.Extensions.Logging.Console": {
        "type": "Transitive",
        "resolved": "9.0.17",
        "contentHash": "QAMX4VmFJI3wliE5imDEa7fUGxcLymKqAUqIYtRRk6G4N81pn7lJ/uTon0Mcq9D7zLaijaVsfCnZbyjMvx7LOA==",
        "dependencies": {
          "Microsoft.Extensions.DependencyInjection.Abstractions": "9.0.17",
          "Microsoft.Extensions.Logging": "9.0.17",
          "Microsoft.Extensions.Logging.Abstractions": "9.0.17",
          "Microsoft.Extensions.Logging.Configuration": "9.0.17",
          "Microsoft.Extensions.Options": "9.0.17"
        }
      },
      "Microsoft.Extensions.Logging.Debug": {
        "type": "Transitive",
        "resolved": "9.0.17",
        "contentHash": "Wbj8H9Fug4qPY2Wrekpr2nPqJnoFetG9aaXE32TPDKs7N156iskZNvwwszaCc/0Q7p/aZLjyn6f/g8UI24PkiA==",
        "dependencies": {
          "Microsoft.Extensions.DependencyInjection.Abstractions": "9.0.17",
          "Microsoft.Extensions.Logging": "9.0.17",
          "Microsoft.Extensions.Logging.Abstractions": "9.0.17"
        }
      },
      "Microsoft.Extensions.Logging.EventLog": {
        "type": "Transitive",
        "resolved": "9.0.17",
        "contentHash": "F/krSJMzKSYYLwY3Cq2n8xk4+EfJ7lTQH2wZyVmwoPZraaxQyadJhHlFPGb9TZq9xl8QMssopcfNIOQ18JjtqA==",
        "dependencies": {
          "Microsoft.Extensions.DependencyInjection.Abstractions": "9.0.17",
          "Microsoft.Extensions.Logging": "9.0.17",
          "Microsoft.Extensions.Logging.Abstractions": "9.0.17",
          "Microsoft.Extensions.Options": "9.0.17",
          "System.Diagnostics.EventLog": "9.0.17"
        }
      },
      "Microsoft.Extensions.Logging.EventSource": {
        "type": "Transitive",
        "resolved": "9.0.17",
        "contentHash": "kWhU6dWs+lAvtlaCPyUm0qSiCJKiDfGSRxdd2NqOvlZDhoD39MB0+i0/hxfWUrQXaGHL5tKbapVkypgCminHOg==",
        "dependencies": {
          "Microsoft.Extensions.DependencyInjection.Abstractions": "9.0.17",
          "Microsoft.Extensions.Logging": "9.0.17",
          "Microsoft.Extensions.Logging.Abstractions": "9.0.17",
          "Microsoft.Extensions.Options": "9.0.17",
          "Microsoft.Extensions.Primitives": "9.0.17"
        }
      },
      "Microsoft.Extensions.Options": {
        "type": "Transitive",
        "resolved": "9.0.17",
        "contentHash": "+UNeX4y+YJ4CNzwKy8Gf2pOo2++CGFLHFha9QbzUrsutLVne6O8CD+Khz9aWuSkm+l4Wzqa7+qhyC1OGENuQ6g==",
        "dependencies": {
          "Microsoft.Extensions.DependencyInjection.Abstractions": "9.0.17",
          "Microsoft.Extensions.Primitives": "9.0.17"
        }
      },
      "Microsoft.Extensions.Options.ConfigurationExtensions": {
        "type": "Transitive",
        "resolved": "9.0.17",
        "contentHash": "DtDKGG1xP1oSYbf5C268r+YRWz+gYXu0oP5JOXM4hR6aGfeki2YFKDWiUg2B8JWcecTuwi21IbDUoU42Z3DvJw==",
        "dependencies": {
          "Microsoft.Extensions.Configuration.Abstractions": "9.0.17",
          "Microsoft.Extensions.Configuration.Binder": "9.0.17",
          "Microsoft.Extensions.DependencyInjection.Abstractions": "9.0.17",
          "Microsoft.Extensions.Options": "9.0.17",
          "Microsoft.Extensions.Primitives": "9.0.17"
        }
      },
      "Microsoft.Extensions.Primitives": {
        "type": "Transitive",
        "resolved": "9.0.17",
        "contentHash": "WBjZ/zeb6PyCLT6lpGSzNtdMyRDloFSPqjY9kIGb5rdSng03rd0+ix/jDEYU6DUjE7JVLuhggXeMONVBxBHEXg=="
      },
      "Microsoft.IdentityModel.Abstractions": {
        "type": "Transitive",
        "resolved": "8.0.1",
        "contentHash": "OtlIWcyX01olfdevPKZdIPfBEvbcioDyBiE/Z2lHsopsMD7twcKtlN9kMevHmI5IIPhFpfwCIiR6qHQz1WHUIw=="
      },
      "Microsoft.IdentityModel.JsonWebTokens": {
        "type": "Transitive",
        "resolved": "8.0.1",
        "contentHash": "s6++gF9x0rQApQzOBbSyp4jUaAlwm+DroKfL8gdOHxs83k8SJfUXhuc46rDB3rNXBQ1MVRxqKUrqFhO/M0E97g==",
        "dependencies": {
          "Microsoft.IdentityModel.Tokens": "8.0.1"
        }
      },
      "Microsoft.IdentityModel.Logging": {
        "type": "Transitive",
        "resolved": "8.0.1",
        "contentHash": "UCPF2exZqBXe7v/6sGNiM6zCQOUXXQ9+v5VTb9gPB8ZSUPnX53BxlN78v2jsbIvK9Dq4GovQxo23x8JgWvm/Qg==",
        "dependencies": {
          "Microsoft.IdentityModel.Abstractions": "8.0.1"
        }
      },
      "Microsoft.IdentityModel.Protocols": {
        "type": "Transitive",
        "resolved": "8.0.1",
        "contentHash": "uA2vpKqU3I2mBBEaeJAWPTjT9v1TZrGWKdgK6G5qJd03CLx83kdiqO9cmiK8/n1erkHzFBwU/RphP83aAe3i3g==",
        "dependencies": {
          "Microsoft.IdentityModel.Tokens": "8.0.1"
        }
      },
      "Microsoft.IdentityModel.Protocols.OpenIdConnect": {
        "type": "Transitive",
        "resolved": "8.0.1",
        "contentHash": "AQDbfpL+yzuuGhO/mQhKNsp44pm5Jv8/BI4KiFXR7beVGZoSH35zMV3PrmcfvSTsyI6qrcR898NzUauD6SRigg==",
        "dependencies": {
          "Microsoft.IdentityModel.Protocols": "8.0.1",
          "System.IdentityModel.Tokens.Jwt": "8.0.1"
        }
      },
      "Microsoft.IdentityModel.Tokens": {
        "type": "Transitive",
        "resolved": "8.0.1",
        "contentHash": "kDimB6Dkd3nkW2oZPDkMkVHfQt3IDqO5gL0oa8WVy3OP4uE8Ij+8TXnqg9TOd9ufjsY3IDiGz7pCUbnfL18tjg==",
        "dependencies": {
          "Microsoft.IdentityModel.Logging": "8.0.1"
        }
      },
      "Microsoft.OpenApi": {
        "type": "Transitive",
        "resolved": "2.7.5",
        "contentHash": "0FA67RSnRM4tcBKqiqVu/HPdZ9+QOKbmeRjxRUGTCjPU4C0bmUhd97Dso7Yild5P7nOV6GxJ2xrK0Kv/O9xp0w==",
        "dependencies": {
          "System.Text.Json": "8.0.5"
        }
      },
      "Microsoft.TestPlatform.ObjectModel": {
        "type": "Transitive",
        "resolved": "17.12.0",
        "contentHash": "TDqkTKLfQuAaPcEb3pDDWnh7b3SyZF+/W9OZvWFp6eJCIiiYFdSB6taE2I6tWrFw5ywhzOb6sreoGJTI6m3rSQ==",
        "dependencies": {
          "System.Reflection.Metadata": "1.6.0"
        }
      },
      "Microsoft.TestPlatform.TestHost": {
        "type": "Transitive",
        "resolved": "17.12.0",
        "contentHash": "MiPEJQNyADfwZ4pJNpQex+t9/jOClBGMiCiVVFuELCMSX2nmNfvUor3uFVxNNCg30uxDP8JDYfPnMXQzsfzYyg==",
        "dependencies": {
          "Microsoft.TestPlatform.ObjectModel": "17.12.0",
          "Newtonsoft.Json": "13.0.1"
        }
      },
      "Newtonsoft.Json": {
        "type": "Transitive",
        "resolved": "13.0.1",
        "contentHash": "ppPFpBcvxdsfUonNcvITKqLl3bqxWbDCZIzDWHzjpdAHRFfZe0Dw9HmA0+za13IdyrgJwpkDTDA9fHaxOrt20A=="
      },
      "Npgsql": {
        "type": "Transitive",
        "resolved": "9.0.3",
        "contentHash": "tPvY61CxOAWxNsKLEBg+oR646X4Bc8UmyQ/tJszL/7mEmIXQnnBhVJZrZEEUv0Bstu0mEsHZD5At3EO8zQRAYw==",
        "dependencies": {
          "Microsoft.Extensions.Logging.Abstractions": "8.0.2"
        }
      },
      "Swashbuckle.AspNetCore.Swagger": {
        "type": "Transitive",
        "resolved": "10.2.3",
        "contentHash": "1jUUs3WQnrS0FUtaZPLSy1yYMEwS1zlvDmvQ2/eldPHUANX0LJSLVZecCMgSMdeGiRqeaRrIXLtSz++TCiTMww==",
        "dependencies": {
          "Microsoft.OpenApi": "2.7.5"
        }
      },
      "Swashbuckle.AspNetCore.SwaggerGen": {
        "type": "Transitive",
        "resolved": "10.2.3",
        "contentHash": "y7t4coDRAeFYChmvlMRiH2OjbiRrm9AVIDgt17fQfs3x9PVAI5PiwWYOhg+4F13R4Q36WDc9lqfoOnNa3tNbGg==",
        "dependencies": {
          "Swashbuckle.AspNetCore.Swagger": "10.2.3"
        }
      },
      "Swashbuckle.AspNetCore.SwaggerUI": {
        "type": "Transitive",
        "resolved": "10.2.3",
        "contentHash": "nthWONRs/FJ4yyG206g1cC52WEG8EqrjuMWjGdR+5XG7lbjFto6NqcI9EMICgVFom/UivIjUVwI76ZHbHwTPfQ=="
      },
      "System.Diagnostics.EventLog": {
        "type": "Transitive",
        "resolved": "9.0.17",
        "contentHash": "4CxRyWjLb+XAXLG+uUJZoDReoUIFe+fVvbfI6FUl/BQoehnhgHIoeQknNBLTrYBOWAY4JWk20nJYCedhD1IIcw=="
      },
      "System.IdentityModel.Tokens.Jwt": {
        "type": "Transitive",
        "resolved": "8.0.1",
        "contentHash": "GJw3bYkWpOgvN3tJo5X4lYUeIFA2HD293FPUhKmp7qxS+g5ywAb34Dnd3cDAFLkcMohy5XTpoaZ4uAHuw0uSPQ==",
        "dependencies": {
          "Microsoft.IdentityModel.JsonWebTokens": "8.0.1",
          "Microsoft.IdentityModel.Tokens": "8.0.1"
        }
      },
      "System.Reflection.Metadata": {
        "type": "Transitive",
        "resolved": "1.6.0",
        "contentHash": "COC1aiAJjCoA5GBF+QKL2uLqEBew4JsCkQmoHKbN3TlOZKa2fKLz5CpiRQKDz0RsAOEGsVKqOD5bomsXq/4STQ=="
      },
      "System.Text.Json": {
        "type": "Transitive",
        "resolved": "8.0.5",
        "contentHash": "0f1B50Ss7rqxXiaBJyzUu9bWFOO2/zSlifZ/UNMdiIpDYe4cY4LQQicP4nirK1OS31I43rn062UIJ1Q9bpmHpg=="
      },
      "xunit.abstractions": {
        "type": "Transitive",
        "resolved": "2.0.3",
        "contentHash": "pot1I4YOxlWjIb5jmwvvQNbTrZ3lJQ+jUGkGjWE3hEFM0l5gOnBWS+H3qsex68s5cO52g+44vpGzhAt+42vwKg=="
      },
      "xunit.analyzers": {
        "type": "Transitive",
        "resolved": "1.16.0",
        "contentHash": "hptYM7vGr46GUIgZt21YHO4rfuBAQS2eINbFo16CV/Dqq+24Tp+P5gDCACu1AbFfW4Sp/WRfDPSK8fmUUb8s0Q=="
      },
      "xunit.assert": {
        "type": "Transitive",
        "resolved": "2.9.2",
        "contentHash": "QkNBAQG4pa66cholm28AxijBjrmki98/vsEh4Sx5iplzotvPgpiotcxqJQMRC8d7RV7nIT8ozh97957hDnZwsQ=="
      },
      "xunit.core": {
        "type": "Transitive",
        "resolved": "2.9.2",
        "contentHash": "O6RrNSdmZ0xgEn5kT927PNwog5vxTtKrWMihhhrT0Sg9jQ7iBDciYOwzBgP2krBEk5/GBXI18R1lKvmnxGcb4w==",
        "dependencies": {
          "xunit.extensibility.core": "[2.9.2]",
          "xunit.extensibility.execution": "[2.9.2]"
        }
      },
      "xunit.extensibility.core": {
        "type": "Transitive",
        "resolved": "2.9.2",
        "contentHash": "Ol+KlBJz1x8BrdnhN2DeOuLrr1I/cTwtHCggL9BvYqFuVd/TUSzxNT5O0NxCIXth30bsKxgMfdqLTcORtM52yQ==",
        "dependencies": {
          "xunit.abstractions": "2.0.3"
        }
      },
      "xunit.extensibility.execution": {
        "type": "Transitive",
        "resolved": "2.9.2",
        "contentHash": "rKMpq4GsIUIJibXuZoZ8lYp5EpROlnYaRpwu9Zr0sRZXE7JqJfEEbCsUriZqB+ByXCLFBJyjkTRULMdC+U566g==",
        "dependencies": {
          "xunit.extensibility.core": "[2.9.2]"
        }
      },
      "homeji.api": {
        "type": "Project",
        "dependencies": {
          "Homeji.Application": "[1.0.0, )",
          "Homeji.Infrastructure": "[1.0.0, )",
          "Microsoft.AspNetCore.Authentication.JwtBearer": "[9.0.17, )",
          "Swashbuckle.AspNetCore": "[10.2.3, )"
        }
      },
      "homeji.application": {
        "type": "Project",
        "dependencies": {
          "FluentValidation.DependencyInjectionExtensions": "[12.1.1, )",
          "Homeji.Domain": "[1.0.0, )"
        }
      },
      "homeji.domain": {
        "type": "Project"
      },
      "homeji.infrastructure": {
        "type": "Project",
        "dependencies": {
          "Homeji.Application": "[1.0.0, )",
          "Homeji.Domain": "[1.0.0, )",
          "Microsoft.EntityFrameworkCore": "[9.0.17, )",
          "Microsoft.EntityFrameworkCore.Relational": "[9.0.17, )",
          "Microsoft.Extensions.Configuration.Abstractions": "[9.0.17, )",
          "Microsoft.Extensions.Diagnostics.HealthChecks.Abstractions": "[9.0.17, )",
          "Npgsql.EntityFrameworkCore.PostgreSQL": "[9.0.4, )"
        }
      },
      "FluentValidation.DependencyInjectionExtensions": {
        "type": "CentralTransitive",
        "requested": "[12.1.1, )",
        "resolved": "12.1.1",
        "contentHash": "D0VXh4dtjjX2aQizuaa0g6R8X3U1JaVqJPfGCvLwZX9t/O2h7tkpbitbadQMfwcgSPdDbI2vDxuwRMv/Uf9dHA==",
        "dependencies": {
          "FluentValidation": "12.1.1",
          "Microsoft.Extensions.DependencyInjection.Abstractions": "2.1.0"
        }
      },
      "Microsoft.AspNetCore.Authentication.JwtBearer": {
        "type": "CentralTransitive",
        "requested": "[9.0.17, )",
        "resolved": "9.0.17",
        "contentHash": "q9vNiBMoJpyYSjDunMW2VO6NYpvyTBG5k5gKmb5HAiG0eV5xJLuzHrMKns70fdmdxYOHJ3+7zthj0uyH4lKIfA==",
        "dependencies": {
          "Microsoft.IdentityModel.Protocols.OpenIdConnect": "8.0.1"
        }
      },
      "Microsoft.EntityFrameworkCore": {
        "type": "CentralTransitive",
        "requested": "[9.0.17, )",
        "resolved": "9.0.17",
        "contentHash": "kO/7c4yuzq52eESWTtNQg2lSAouw4w/pZvOPGNNbPgAjlM3nl5Ggp51lWJhBQtZIAveX7TCmZ4DFePmcnDy9ag==",
        "dependencies": {
          "Microsoft.EntityFrameworkCore.Abstractions": "9.0.17",
          "Microsoft.EntityFrameworkCore.Analyzers": "9.0.17",
          "Microsoft.Extensions.Caching.Memory": "9.0.17",
          "Microsoft.Extensions.Logging": "9.0.17"
        }
      },
      "Microsoft.EntityFrameworkCore.Relational": {
        "type": "CentralTransitive",
        "requested": "[9.0.17, )",
        "resolved": "9.0.17",
        "contentHash": "oOsu2/68Xed8YlSwoRJPuQJjPCgChLeZ9XmWI8dQRyqC/CxILirQo3hpub+hQDJ9f9z2u0d8DqvzR86TOnfdkg==",
        "dependencies": {
          "Microsoft.EntityFrameworkCore": "9.0.17",
          "Microsoft.Extensions.Caching.Memory": "9.0.17",
          "Microsoft.Extensions.Configuration.Abstractions": "9.0.17",
          "Microsoft.Extensions.Logging": "9.0.17"
        }
      },
      "Microsoft.Extensions.Configuration.Abstractions": {
        "type": "CentralTransitive",
        "requested": "[9.0.17, )",
        "resolved": "9.0.17",
        "contentHash": "z67yRM/b3DoKw8Nji5S9mnrtTsNqi9Mi9szlsz2kArkmvmMl9G5ctH5e/DGCEkMS4xgAhRI2C99jrjR9na+atQ==",
        "dependencies": {
          "Microsoft.Extensions.Primitives": "9.0.17"
        }
      },
      "Microsoft.Extensions.Diagnostics.HealthChecks.Abstractions": {
        "type": "CentralTransitive",
        "requested": "[9.0.17, )",
        "resolved": "9.0.17",
        "contentHash": "mf8rssO7Clh69CIW4u5PAwqYVJrk/qlM6/bl8nQ0Op6hqHM64PXWDlLoR9XfefdSPLeogVdS9ycrkOWbcoKPkQ=="
      },
      "Npgsql.EntityFrameworkCore.PostgreSQL": {
        "type": "CentralTransitive",
        "requested": "[9.0.4, )",
        "resolved": "9.0.4",
        "contentHash": "mw5vcY2IEc7L+IeGrxpp/J5OSnCcjkjAgJYCm/eD52wpZze8zsSifdqV7zXslSMmfJG2iIUGZyo3KuDtEFKwMQ==",
        "dependencies": {
          "Microsoft.EntityFrameworkCore": "[9.0.1, 10.0.0)",
          "Microsoft.EntityFrameworkCore.Relational": "[9.0.1, 10.0.0)",
          "Npgsql": "9.0.3"
        }
      },
      "Swashbuckle.AspNetCore": {
        "type": "CentralTransitive",
        "requested": "[10.2.3, )",
        "resolved": "10.2.3",
        "contentHash": "8KNh1RWvofdU6DVLyBs4Z/OpUMnmf8oNvJQc0QxpwySRbi42bwLfdVMMrXZWANg5U5KQGQq1xW6r/hlcqw99tQ==",
        "dependencies": {
          "Microsoft.Extensions.ApiDescription.Server": "9.0.0",
          "Swashbuckle.AspNetCore.Swagger": "10.2.3",
          "Swashbuckle.AspNetCore.SwaggerGen": "10.2.3",
          "Swashbuckle.AspNetCore.SwaggerUI": "10.2.3"
        }
      }
    }
  }
}